
Microsoft Visual Studio Solution File, Format Version 12.00
# Visual Studio Version 17
VisualStudioVersion = 17.0.31903.59
MinimumVisualStudioVersion = 10.0.40219.1
Project("{FAE04EC0-301F-11D3-BF4B-00C04F79EFBC}") = "AgenticOrchestration", "AgenticOrchestration.csproj", "{3DDAD9F7-AF90-434D-9FE4-A4BB91AF6084}"
EndProject
Project("{FAE04EC0-301F-11D3-BF4B-00C04F79EFBC}") = "SimpleOrchestration", "SimpleOrchestration.csproj", "{A57F5094-0DD9-4B53-8760-5F210968E412}"
EndProject
Project("{FAE04EC0-301F-11D3-BF4B-00C04F79EFBC}") = "CleanOrchestration", "CleanOrchestration.csproj", "{24718FCB-8C62-44A6-9C69-3F13BFEAC29D}"
EndProject
Global
	GlobalSection(SolutionConfigurationPlatforms) = preSolution
		Debug|Any CPU = Debug|Any CPU
		Debug|x64 = Debug|x64
		Debug|x86 = Debug|x86
		Release|Any CPU = Release|Any CPU
		Release|x64 = Release|x64
		Release|x86 = Release|x86
	EndGlobalSection
	GlobalSection(ProjectConfigurationPlatforms) = postSolution
		{3DDAD9F7-AF90-434D-9FE4-A4BB91AF6084}.Debug|Any CPU.ActiveCfg = Debug|Any CPU
		{3DDAD9F7-AF90-434D-9FE4-A4BB91AF6084}.Debug|Any CPU.Build.0 = Debug|Any CPU
		{3DDAD9F7-AF90-434D-9FE4-A4BB91AF6084}.Debug|x64.ActiveCfg = Debug|Any CPU
		{3DDAD9F7-AF90-434D-9FE4-A4BB91AF6084}.Debug|x64.Build.0 = Debug|Any CPU
		{3DDAD9F7-AF90-434D-9FE4-A4BB91AF6084}.Debug|x86.ActiveCfg = Debug|Any CPU
		{3DDAD9F7-AF90-434D-9FE4-A4BB91AF6084}.Debug|x86.Build.0 = Debug|Any CPU
		{3DDAD9F7-AF90-434D-9FE4-A4BB91AF6084}.Release|Any CPU.ActiveCfg = Release|Any CPU
		{3DDAD9F7-AF90-434D-9FE4-A4BB91AF6084}.Release|Any CPU.Build.0 = Release|Any CPU
		{3DDAD9F7-AF90-434D-9FE4-A4BB91AF6084}.Release|x64.ActiveCfg = Release|Any CPU
		{3DDAD9F7-AF90-434D-9FE4-A4BB91AF6084}.Release|x64.Build.0 = Release|Any CPU
		{3DDAD9F7-AF90-434D-9FE4-A4BB91AF6084}.Release|x86.ActiveCfg = Release|Any CPU
		{3DDAD9F7-AF90-434D-9FE4-A4BB91AF6084}.Release|x86.Build.0 = Release|Any CPU
		{A57F5094-0DD9-4B53-8760-5F210968E412}.Debug|Any CPU.ActiveCfg = Debug|Any CPU
		{A57F5094-0DD9-4B53-8760-5F210968E412}.Debug|Any CPU.Build.0 = Debug|Any CPU
		{A57F5094-0DD9-4B53-8760-5F210968E412}.Debug|x64.ActiveCfg = Debug|Any CPU
		{A57F5094-0DD9-4B53-8760-5F210968E412}.Debug|x64.Build.0 = Debug|Any CPU
		{A57F5094-0DD9-4B53-8760-5F210968E412}.Debug|x86.ActiveCfg = Debug|Any CPU
		{A57F5094-0DD9-4B53-8760-5F210968E412}.Debug|x86.Build.0 = Debug|Any CPU
		{A57F5094-0DD9-4B53-8760-5F210968E412}.Release|Any CPU.ActiveCfg = Release|Any CPU
		{A57F5094-0DD9-4B53-8760-5F210968E412}.Release|Any CPU.Build.0 = Release|Any CPU
		{A57F5094-0DD9-4B53-8760-5F210968E412}.Release|x64.ActiveCfg = Release|Any CPU
		{A57F5094-0DD9-4B53-8760-5F210968E412}.Release|x64.Build.0 = Release|Any CPU
		{A57F5094-0DD9-4B53-8760-5F210968E412}.Release|x86.ActiveCfg = Release|Any CPU
		{A57F5094-0DD9-4B53-8760-5F210968E412}.Release|x86.Build.0 = Release|Any CPU
		{24718FCB-8C62-44A6-9C69-3F13BFEAC29D}.Debug|Any CPU.ActiveCfg = Debug|Any CPU
		{24718FCB-8C62-44A6-9C69-3F13BFEAC29D}.Debug|Any CPU.Build.0 = Debug|Any CPU
		{24718FCB-8C62-44A6-9C69-3F13BFEAC29D}.Debug|x64.ActiveCfg = Debug|Any CPU
		{24718FCB-8C62-44A6-9C69-3F13BFEAC29D}.Debug|x64.Build.0 = Debug|Any CPU
		{24718FCB-8C62-44A6-9C69-3F13BFEAC29D}.Debug|x86.ActiveCfg = Debug|Any CPU
		{24718FCB-8C62-44A6-9C69-3F13BFEAC29D}.Debug|x86.Build.0 = Debug|Any CPU
		{24718FCB-8C62-44A6-9C69-3F13BFEAC29D}.Release|Any CPU.ActiveCfg = Release|Any CPU
		{24718FCB-8C62-44A6-9C69-3F13BFEAC29D}.Release|Any CPU.Build.0 = Release|Any CPU
		{24718FCB-8C62-44A6-9C69-3F13BFEAC29D}.Release|x64.ActiveCfg = Release|Any CPU
		{24718FCB-8C62-44A6-9C69-3F13BFEAC29D}.Release|x64.Build.0 = Release|Any CPU
		{24718FCB-8C62-44A6-9C69-3F13BFEAC29D}.Release|x86.ActiveCfg = Release|Any CPU
		{24718FCB-8C62-44A6-9C69-3F13BFEAC29D}.Release|x86.Build.0 = Release|Any CPU
	EndGlobalSection
	GlobalSection(SolutionProperties) = preSolution
		HideSolutionNode = FALSE
	EndGlobalSection
EndGlobal
