
Microsoft Visual Studio Solution File, Format Version 12.00
# Visual Studio Version 18
VisualStudioVersion = 18.0.11116.177 d18.0
MinimumVisualStudioVersion = 10.0.40219.1
Project("{FAE04EC0-301F-11D3-BF4B-00C04F79EFBC}") = "CleanOrchestration", "CleanOrchestration.csproj", "{6A499303-E106-1447-818E-AEA4FCBC81D7}"
EndProject
Project("{FAE04EC0-301F-11D3-BF4B-00C04F79EFBC}") = "AgenticOrchestration", "AgenticOrchestration.csproj", "{95CB5957-865C-9D2B-D3E2-69F8A385B5B5}"
EndProject
Project("{FAE04EC0-301F-11D3-BF4B-00C04F79EFBC}") = "SimpleOrchestration", "SimpleOrchestration.csproj", "{A877549F-0E5F-6CEE-53E9-02E35A122CB5}"
EndProject
Global
	GlobalSection(SolutionConfigurationPlatforms) = preSolution
		Debug|Any CPU = Debug|Any CPU
		Release|Any CPU = Release|Any CPU
	EndGlobalSection
	GlobalSection(ProjectConfigurationPlatforms) = postSolution
		{6A499303-E106-1447-818E-AEA4FCBC81D7}.Debug|Any CPU.ActiveCfg = Debug|Any CPU
		{6A499303-E106-1447-818E-AEA4FCBC81D7}.Debug|Any CPU.Build.0 = Debug|Any CPU
		{6A499303-E106-1447-818E-AEA4FCBC81D7}.Release|Any CPU.ActiveCfg = Release|Any CPU
		{6A499303-E106-1447-818E-AEA4FCBC81D7}.Release|Any CPU.Build.0 = Release|Any CPU
		{95CB5957-865C-9D2B-D3E2-69F8A385B5B5}.Debug|Any CPU.ActiveCfg = Debug|Any CPU
		{95CB5957-865C-9D2B-D3E2-69F8A385B5B5}.Debug|Any CPU.Build.0 = Debug|Any CPU
		{95CB5957-865C-9D2B-D3E2-69F8A385B5B5}.Release|Any CPU.ActiveCfg = Release|Any CPU
		{95CB5957-865C-9D2B-D3E2-69F8A385B5B5}.Release|Any CPU.Build.0 = Release|Any CPU
		{A877549F-0E5F-6CEE-53E9-02E35A122CB5}.Debug|Any CPU.ActiveCfg = Debug|Any CPU
		{A877549F-0E5F-6CEE-53E9-02E35A122CB5}.Debug|Any CPU.Build.0 = Debug|Any CPU
		{A877549F-0E5F-6CEE-53E9-02E35A122CB5}.Release|Any CPU.ActiveCfg = Release|Any CPU
		{A877549F-0E5F-6CEE-53E9-02E35A122CB5}.Release|Any CPU.Build.0 = Release|Any CPU
	EndGlobalSection
	GlobalSection(SolutionProperties) = preSolution
		HideSolutionNode = FALSE
	EndGlobalSection
	GlobalSection(ExtensibilityGlobals) = postSolution
		SolutionGuid = {1B612774-BB77-4E05-B96B-70DDF3592F76}
	EndGlobalSection
EndGlobal
