
Microsoft Visual Studio Solution File, Format Version 12.00
# Visual Studio Version 17
VisualStudioVersion = 17.0.31903.59
MinimumVisualStudioVersion = 10.0.40219.1
Project("{FAE04EC0-301F-11D3-BF4B-00C04F79EFBC}") = "CleanOrchestration", "CleanOrchestration.csproj", "{DCD0C2F1-5FB6-4FB2-8C17-4FF35D5BA22C}"
EndProject
Project("{FAE04EC0-301F-11D3-BF4B-00C04F79EFBC}") = "SimpleOrchestration", "SimpleOrchestration.csproj", "{0D191152-3D21-4D61-B2DF-31C0A75EA6F8}"
EndProject
Project("{FAE04EC0-301F-11D3-BF4B-00C04F79EFBC}") = "AgenticOrchestration", "AgenticOrchestration.csproj", "{659C77E0-F01D-4B40-824F-FA55C0BD6C8F}"
EndProject
Global
	GlobalSection(SolutionConfigurationPlatforms) = preSolution
		Debug|Any CPU = Debug|Any CPU
		Debug|x64 = Debug|x64
		Debug|x86 = Debug|x86
		Release|Any CPU = Release|Any CPU
		Release|x64 = Release|x64
		Release|x86 = Release|x86
	EndGlobalSection
	GlobalSection(ProjectConfigurationPlatforms) = postSolution
		{DCD0C2F1-5FB6-4FB2-8C17-4FF35D5BA22C}.Debug|Any CPU.ActiveCfg = Debug|Any CPU
		{DCD0C2F1-5FB6-4FB2-8C17-4FF35D5BA22C}.Debug|Any CPU.Build.0 = Debug|Any CPU
		{DCD0C2F1-5FB6-4FB2-8C17-4FF35D5BA22C}.Debug|x64.ActiveCfg = Debug|Any CPU
		{DCD0C2F1-5FB6-4FB2-8C17-4FF35D5BA22C}.Debug|x64.Build.0 = Debug|Any CPU
		{DCD0C2F1-5FB6-4FB2-8C17-4FF35D5BA22C}.Debug|x86.ActiveCfg = Debug|Any CPU
		{DCD0C2F1-5FB6-4FB2-8C17-4FF35D5BA22C}.Debug|x86.Build.0 = Debug|Any CPU
		{DCD0C2F1-5FB6-4FB2-8C17-4FF35D5BA22C}.Release|Any CPU.ActiveCfg = Release|Any CPU
		{DCD0C2F1-5FB6-4FB2-8C17-4FF35D5BA22C}.Release|Any CPU.Build.0 = Release|Any CPU
		{DCD0C2F1-5FB6-4FB2-8C17-4FF35D5BA22C}.Release|x64.ActiveCfg = Release|Any CPU
		{DCD0C2F1-5FB6-4FB2-8C17-4FF35D5BA22C}.Release|x64.Build.0 = Release|Any CPU
		{DCD0C2F1-5FB6-4FB2-8C17-4FF35D5BA22C}.Release|x86.ActiveCfg = Release|Any CPU
		{DCD0C2F1-5FB6-4FB2-8C17-4FF35D5BA22C}.Release|x86.Build.0 = Release|Any CPU
		{0D191152-3D21-4D61-B2DF-31C0A75EA6F8}.Debug|Any CPU.ActiveCfg = Debug|Any CPU
		{0D191152-3D21-4D61-B2DF-31C0A75EA6F8}.Debug|Any CPU.Build.0 = Debug|Any CPU
		{0D191152-3D21-4D61-B2DF-31C0A75EA6F8}.Debug|x64.ActiveCfg = Debug|Any CPU
		{0D191152-3D21-4D61-B2DF-31C0A75EA6F8}.Debug|x64.Build.0 = Debug|Any CPU
		{0D191152-3D21-4D61-B2DF-31C0A75EA6F8}.Debug|x86.ActiveCfg = Debug|Any CPU
		{0D191152-3D21-4D61-B2DF-31C0A75EA6F8}.Debug|x86.Build.0 = Debug|Any CPU
		{0D191152-3D21-4D61-B2DF-31C0A75EA6F8}.Release|Any CPU.ActiveCfg = Release|Any CPU
		{0D191152-3D21-4D61-B2DF-31C0A75EA6F8}.Release|Any CPU.Build.0 = Release|Any CPU
		{0D191152-3D21-4D61-B2DF-31C0A75EA6F8}.Release|x64.ActiveCfg = Release|Any CPU
		{0D191152-3D21-4D61-B2DF-31C0A75EA6F8}.Release|x64.Build.0 = Release|Any CPU
		{0D191152-3D21-4D61-B2DF-31C0A75EA6F8}.Release|x86.ActiveCfg = Release|Any CPU
		{0D191152-3D21-4D61-B2DF-31C0A75EA6F8}.Release|x86.Build.0 = Release|Any CPU
		{659C77E0-F01D-4B40-824F-FA55C0BD6C8F}.Debug|Any CPU.ActiveCfg = Debug|Any CPU
		{659C77E0-F01D-4B40-824F-FA55C0BD6C8F}.Debug|Any CPU.Build.0 = Debug|Any CPU
		{659C77E0-F01D-4B40-824F-FA55C0BD6C8F}.Debug|x64.ActiveCfg = Debug|Any CPU
		{659C77E0-F01D-4B40-824F-FA55C0BD6C8F}.Debug|x64.Build.0 = Debug|Any CPU
		{659C77E0-F01D-4B40-824F-FA55C0BD6C8F}.Debug|x86.ActiveCfg = Debug|Any CPU
		{659C77E0-F01D-4B40-824F-FA55C0BD6C8F}.Debug|x86.Build.0 = Debug|Any CPU
		{659C77E0-F01D-4B40-824F-FA55C0BD6C8F}.Release|Any CPU.ActiveCfg = Release|Any CPU
		{659C77E0-F01D-4B40-824F-FA55C0BD6C8F}.Release|Any CPU.Build.0 = Release|Any CPU
		{659C77E0-F01D-4B40-824F-FA55C0BD6C8F}.Release|x64.ActiveCfg = Release|Any CPU
		{659C77E0-F01D-4B40-824F-FA55C0BD6C8F}.Release|x64.Build.0 = Release|Any CPU
		{659C77E0-F01D-4B40-824F-FA55C0BD6C8F}.Release|x86.ActiveCfg = Release|Any CPU
		{659C77E0-F01D-4B40-824F-FA55C0BD6C8F}.Release|x86.Build.0 = Release|Any CPU
	EndGlobalSection
	GlobalSection(SolutionProperties) = preSolution
		HideSolutionNode = FALSE
	EndGlobalSection
EndGlobal
